// !$*UTF8*$!
{
	archiveVersion = 1;
	classes = {
	};
	objectVersion = 46;
	objects = {

/* Begin PBXBuildFile section */
		970491051E837ADE0032355B /* AppDelegate.swift in Sources */ = {isa = PBXBuildFile; fileRef = 970491041E837ADE0032355B /* AppDelegate.swift */; };
		970491071E837ADE0032355B /* ViewController.swift in Sources */ = {isa = PBXBuildFile; fileRef = 970491061E837ADE0032355B /* ViewController.swift */; };
		9704910A1E837ADE0032355B /* Main.storyboard in Resources */ = {isa = PBXBuildFile; fileRef = 970491081E837ADE0032355B /* Main.storyboard */; };
		9704910C1E837ADE0032355B /* Assets.xcassets in Resources */ = {isa = PBXBuildFile; fileRef = 9704910B1E837ADE0032355B /* Assets.xcassets */; };
		9704910F1E837ADE0032355B /* LaunchScreen.storyboard in Resources */ = {isa = PBXBuildFile; fileRef = 9704910D1E837ADE0032355B /* LaunchScreen.storyboard */; };
		970491621E837D250032355B /* ZZButton.swift in Sources */ = {isa = PBXBuildFile; fileRef = 970491491E837D250032355B /* ZZButton.swift */; };
		970491631E837D250032355B /* Calendar+ZZExtension.swift in Sources */ = {isa = PBXBuildFile; fileRef = 9704914C1E837D250032355B /* Calendar+ZZExtension.swift */; };
		970491641E837D250032355B /* CGRect+ZZExtension.swift in Sources */ = {isa = PBXBuildFile; fileRef = 9704914D1E837D250032355B /* CGRect+ZZExtension.swift */; };
		970491651E837D250032355B /* Data+ZZExtension.swift in Sources */ = {isa = PBXBuildFile; fileRef = 9704914E1E837D250032355B /* Data+ZZExtension.swift */; };
		970491661E837D250032355B /* Date+ZZExtension.swift in Sources */ = {isa = PBXBuildFile; fileRef = 9704914F1E837D250032355B /* Date+ZZExtension.swift */; };
		970491671E837D250032355B /* DateFormatter+ZZExtension.swift in Sources */ = {isa = PBXBuildFile; fileRef = 970491501E837D250032355B /* DateFormatter+ZZExtension.swift */; };
		970491681E837D250032355B /* DispatchQueue+ZZExtension.swift in Sources */ = {isa = PBXBuildFile; fileRef = 970491511E837D250032355B /* DispatchQueue+ZZExtension.swift */; };
		970491691E837D250032355B /* Locale+ZZExtension.swift in Sources */ = {isa = PBXBuildFile; fileRef = 970491521E837D250032355B /* Locale+ZZExtension.swift */; };
		9704916A1E837D250032355B /* NSObject+ZZExtension.swift in Sources */ = {isa = PBXBuildFile; fileRef = 970491531E837D250032355B /* NSObject+ZZExtension.swift */; };
		9704916B1E837D250032355B /* String+ZZExtension.swift in Sources */ = {isa = PBXBuildFile; fileRef = 970491541E837D250032355B /* String+ZZExtension.swift */; };
		9704916C1E837D250032355B /* UIAlertController+ZZExtension.swift in Sources */ = {isa = PBXBuildFile; fileRef = 970491561E837D250032355B /* UIAlertController+ZZExtension.swift */; };
		9704916D1E837D250032355B /* UIApplication+ZZExtension.swift in Sources */ = {isa = PBXBuildFile; fileRef = 970491571E837D250032355B /* UIApplication+ZZExtension.swift */; };
		9704916E1E837D250032355B /* UIButton+ZZExtension.swift in Sources */ = {isa = PBXBuildFile; fileRef = 970491581E837D250032355B /* UIButton+ZZExtension.swift */; };
		9704916F1E837D250032355B /* UIColor+ZZExtension.swift in Sources */ = {isa = PBXBuildFile; fileRef = 970491591E837D250032355B /* UIColor+ZZExtension.swift */; };
		970491701E837D250032355B /* UIDevice+ZZExtension.swift in Sources */ = {isa = PBXBuildFile; fileRef = 9704915A1E837D250032355B /* UIDevice+ZZExtension.swift */; };
		970491711E837D250032355B /* UIImage+ZZExtension.swift in Sources */ = {isa = PBXBuildFile; fileRef = 9704915B1E837D250032355B /* UIImage+ZZExtension.swift */; };
		970491721E837D250032355B /* UIImageView+ZZExtension.swift in Sources */ = {isa = PBXBuildFile; fileRef = 9704915C1E837D250032355B /* UIImageView+ZZExtension.swift */; };
		970491731E837D250032355B /* UILabel+ZZExtension.swift in Sources */ = {isa = PBXBuildFile; fileRef = 9704915D1E837D250032355B /* UILabel+ZZExtension.swift */; };
		970491741E837D250032355B /* UISceen+ZZExtension.swift in Sources */ = {isa = PBXBuildFile; fileRef = 9704915E1E837D250032355B /* UISceen+ZZExtension.swift */; };
		970491751E837D250032355B /* UIScrollView+ZZExtension.swift in Sources */ = {isa = PBXBuildFile; fileRef = 9704915F1E837D250032355B /* UIScrollView+ZZExtension.swift */; };
		970491761E837D250032355B /* UITextField+ZZExtension.swift in Sources */ = {isa = PBXBuildFile; fileRef = 970491601E837D250032355B /* UITextField+ZZExtension.swift */; };
		970491771E837D250032355B /* UIView+ZZExtension.swift in Sources */ = {isa = PBXBuildFile; fileRef = 970491611E837D250032355B /* UIView+ZZExtension.swift */; };
		97CAA4961E951DEB00FAFC9E /* ZZProgressHud.swift in Sources */ = {isa = PBXBuildFile; fileRef = 97CAA4951E951DEB00FAFC9E /* ZZProgressHud.swift */; };
		97CAA4981E960EDC00FAFC9E /* UIFont+ZZExtension.swift in Sources */ = {isa = PBXBuildFile; fileRef = 97CAA4971E960EDC00FAFC9E /* UIFont+ZZExtension.swift */; };
/* End PBXBuildFile section */

/* Begin PBXFileReference section */
		970491011E837ADE0032355B /* ZZLibDemo.app */ = {isa = PBXFileReference; explicitFileType = wrapper.application; includeInIndex = 0; path = ZZLibDemo.app; sourceTree = BUILT_PRODUCTS_DIR; };
		970491041E837ADE0032355B /* AppDelegate.swift */ = {isa = PBXFileReference; lastKnownFileType = sourcecode.swift; path = AppDelegate.swift; sourceTree = "<group>"; };
		970491061E837ADE0032355B /* ViewController.swift */ = {isa = PBXFileReference; lastKnownFileType = sourcecode.swift; path = ViewController.swift; sourceTree = "<group>"; };
		970491091E837ADE0032355B /* Base */ = {isa = PBXFileReference; lastKnownFileType = file.storyboard; name = Base; path = Base.lproj/Main.storyboard; sourceTree = "<group>"; };
		9704910B1E837ADE0032355B /* Assets.xcassets */ = {isa = PBXFileReference; lastKnownFileType = folder.assetcatalog; path = Assets.xcassets; sourceTree = "<group>"; };
		9704910E1E837ADE0032355B /* Base */ = {isa = PBXFileReference; lastKnownFileType = file.storyboard; name = Base; path = Base.lproj/LaunchScreen.storyboard; sourceTree = "<group>"; };
		970491101E837ADE0032355B /* Info.plist */ = {isa = PBXFileReference; lastKnownFileType = text.plist.xml; path = Info.plist; sourceTree = "<group>"; };
		970491491E837D250032355B /* ZZButton.swift */ = {isa = PBXFileReference; fileEncoding = 4; lastKnownFileType = sourcecode.swift; path = ZZButton.swift; sourceTree = "<group>"; };
		9704914C1E837D250032355B /* Calendar+ZZExtension.swift */ = {isa = PBXFileReference; fileEncoding = 4; lastKnownFileType = sourcecode.swift; path = "Calendar+ZZExtension.swift"; sourceTree = "<group>"; };
		9704914D1E837D250032355B /* CGRect+ZZExtension.swift */ = {isa = PBXFileReference; fileEncoding = 4; lastKnownFileType = sourcecode.swift; path = "CGRect+ZZExtension.swift"; sourceTree = "<group>"; };
		9704914E1E837D250032355B /* Data+ZZExtension.swift */ = {isa = PBXFileReference; fileEncoding = 4; lastKnownFileType = sourcecode.swift; path = "Data+ZZExtension.swift"; sourceTree = "<group>"; };
		9704914F1E837D250032355B /* Date+ZZExtension.swift */ = {isa = PBXFileReference; fileEncoding = 4; lastKnownFileType = sourcecode.swift; path = "Date+ZZExtension.swift"; sourceTree = "<group>"; };
		970491501E837D250032355B /* DateFormatter+ZZExtension.swift */ = {isa = PBXFileReference; fileEncoding = 4; lastKnownFileType = sourcecode.swift; path = "DateFormatter+ZZExtension.swift"; sourceTree = "<group>"; };
		970491511E837D250032355B /* DispatchQueue+ZZExtension.swift */ = {isa = PBXFileReference; fileEncoding = 4; lastKnownFileType = sourcecode.swift; path = "DispatchQueue+ZZExtension.swift"; sourceTree = "<group>"; };
		970491521E837D250032355B /* Locale+ZZExtension.swift */ = {isa = PBXFileReference; fileEncoding = 4; lastKnownFileType = sourcecode.swift; path = "Locale+ZZExtension.swift"; sourceTree = "<group>"; };
		970491531E837D250032355B /* NSObject+ZZExtension.swift */ = {isa = PBXFileReference; fileEncoding = 4; lastKnownFileType = sourcecode.swift; path = "NSObject+ZZExtension.swift"; sourceTree = "<group>"; };
		970491541E837D250032355B /* String+ZZExtension.swift */ = {isa = PBXFileReference; fileEncoding = 4; lastKnownFileType = sourcecode.swift; path = "String+ZZExtension.swift"; sourceTree = "<group>"; };
		970491561E837D250032355B /* UIAlertController+ZZExtension.swift */ = {isa = PBXFileReference; fileEncoding = 4; lastKnownFileType = sourcecode.swift; path = "UIAlertController+ZZExtension.swift"; sourceTree = "<group>"; };
		970491571E837D250032355B /* UIApplication+ZZExtension.swift */ = {isa = PBXFileReference; fileEncoding = 4; lastKnownFileType = sourcecode.swift; path = "UIApplication+ZZExtension.swift"; sourceTree = "<group>"; };
		970491581E837D250032355B /* UIButton+ZZExtension.swift */ = {isa = PBXFileReference; fileEncoding = 4; lastKnownFileType = sourcecode.swift; path = "UIButton+ZZExtension.swift"; sourceTree = "<group>"; };
		970491591E837D250032355B /* UIColor+ZZExtension.swift */ = {isa = PBXFileReference; fileEncoding = 4; lastKnownFileType = sourcecode.swift; path = "UIColor+ZZExtension.swift"; sourceTree = "<group>"; };
		9704915A1E837D250032355B /* UIDevice+ZZExtension.swift */ = {isa = PBXFileReference; fileEncoding = 4; lastKnownFileType = sourcecode.swift; path = "UIDevice+ZZExtension.swift"; sourceTree = "<group>"; };
		9704915B1E837D250032355B /* UIImage+ZZExtension.swift */ = {isa = PBXFileReference; fileEncoding = 4; lastKnownFileType = sourcecode.swift; path = "UIImage+ZZExtension.swift"; sourceTree = "<group>"; };
		9704915C1E837D250032355B /* UIImageView+ZZExtension.swift */ = {isa = PBXFileReference; fileEncoding = 4; lastKnownFileType = sourcecode.swift; path = "UIImageView+ZZExtension.swift"; sourceTree = "<group>"; };
		9704915D1E837D250032355B /* UILabel+ZZExtension.swift */ = {isa = PBXFileReference; fileEncoding = 4; lastKnownFileType = sourcecode.swift; path = "UILabel+ZZExtension.swift"; sourceTree = "<group>"; };
		9704915E1E837D250032355B /* UISceen+ZZExtension.swift */ = {isa = PBXFileReference; fileEncoding = 4; lastKnownFileType = sourcecode.swift; path = "UISceen+ZZExtension.swift"; sourceTree = "<group>"; };
		9704915F1E837D250032355B /* UIScrollView+ZZExtension.swift */ = {isa = PBXFileReference; fileEncoding = 4; lastKnownFileType = sourcecode.swift; path = "UIScrollView+ZZExtension.swift"; sourceTree = "<group>"; };
		970491601E837D250032355B /* UITextField+ZZExtension.swift */ = {isa = PBXFileReference; fileEncoding = 4; lastKnownFileType = sourcecode.swift; path = "UITextField+ZZExtension.swift"; sourceTree = "<group>"; };
		970491611E837D250032355B /* UIView+ZZExtension.swift */ = {isa = PBXFileReference; fileEncoding = 4; lastKnownFileType = sourcecode.swift; path = "UIView+ZZExtension.swift"; sourceTree = "<group>"; };
		97CAA4951E951DEB00FAFC9E /* ZZProgressHud.swift */ = {isa = PBXFileReference; fileEncoding = 4; lastKnownFileType = sourcecode.swift; path = ZZProgressHud.swift; sourceTree = "<group>"; };
		97CAA4971E960EDC00FAFC9E /* UIFont+ZZExtension.swift */ = {isa = PBXFileReference; fileEncoding = 4; lastKnownFileType = sourcecode.swift; path = "UIFont+ZZExtension.swift"; sourceTree = "<group>"; };
/* End PBXFileReference section */

/* Begin PBXFrameworksBuildPhase section */
		970490FE1E837ADE0032355B /* Frameworks */ = {
			isa = PBXFrameworksBuildPhase;
			buildActionMask = 2147483647;
			files = (
			);
			runOnlyForDeploymentPostprocessing = 0;
		};
/* End PBXFrameworksBuildPhase section */

/* Begin PBXGroup section */
		970490F81E837ADE0032355B = {
			isa = PBXGroup;
			children = (
				970491031E837ADE0032355B /* ZZLibDemo */,
				970491021E837ADE0032355B /* Products */,
			);
			sourceTree = "<group>";
		};
		970491021E837ADE0032355B /* Products */ = {
			isa = PBXGroup;
			children = (
				970491011E837ADE0032355B /* ZZLibDemo.app */,
			);
			name = Products;
			sourceTree = "<group>";
		};
		970491031E837ADE0032355B /* ZZLibDemo */ = {
			isa = PBXGroup;
			children = (
				970491471E837D250032355B /* Source */,
				970491041E837ADE0032355B /* AppDelegate.swift */,
				970491061E837ADE0032355B /* ViewController.swift */,
				970491081E837ADE0032355B /* Main.storyboard */,
				9704910B1E837ADE0032355B /* Assets.xcassets */,
				9704910D1E837ADE0032355B /* LaunchScreen.storyboard */,
				970491101E837ADE0032355B /* Info.plist */,
			);
			path = ZZLibDemo;
			sourceTree = "<group>";
		};
		970491471E837D250032355B /* Source */ = {
			isa = PBXGroup;
			children = (
				970491481E837D250032355B /* ZZCustom */,
				9704914A1E837D250032355B /* ZZExtension */,
			);
			name = Source;
			path = ../../Source;
			sourceTree = "<group>";
		};
		970491481E837D250032355B /* ZZCustom */ = {
			isa = PBXGroup;
			children = (
				970491491E837D250032355B /* ZZButton.swift */,
				97CAA4951E951DEB00FAFC9E /* ZZProgressHud.swift */,
			);
			path = ZZCustom;
			sourceTree = "<group>";
		};
		9704914A1E837D250032355B /* ZZExtension */ = {
			isa = PBXGroup;
			children = (
				9704914B1E837D250032355B /* ZZNSExtension */,
				970491551E837D250032355B /* ZZUIExtension */,
			);
			path = ZZExtension;
			sourceTree = "<group>";
		};
		9704914B1E837D250032355B /* ZZNSExtension */ = {
			isa = PBXGroup;
			children = (
				9704914C1E837D250032355B /* Calendar+ZZExtension.swift */,
				9704914D1E837D250032355B /* CGRect+ZZExtension.swift */,
				9704914E1E837D250032355B /* Data+ZZExtension.swift */,
				9704914F1E837D250032355B /* Date+ZZExtension.swift */,
				970491501E837D250032355B /* DateFormatter+ZZExtension.swift */,
				970491511E837D250032355B /* DispatchQueue+ZZExtension.swift */,
				970491521E837D250032355B /* Locale+ZZExtension.swift */,
				970491531E837D250032355B /* NSObject+ZZExtension.swift */,
				970491541E837D250032355B /* String+ZZExtension.swift */,
			);
			path = ZZNSExtension;
			sourceTree = "<group>";
		};
		970491551E837D250032355B /* ZZUIExtension */ = {
			isa = PBXGroup;
			children = (
				970491561E837D250032355B /* UIAlertController+ZZExtension.swift */,
				970491571E837D250032355B /* UIApplication+ZZExtension.swift */,
				970491581E837D250032355B /* UIButton+ZZExtension.swift */,
				970491591E837D250032355B /* UIColor+ZZExtension.swift */,
				9704915A1E837D250032355B /* UIDevice+ZZExtension.swift */,
				9704915B1E837D250032355B /* UIImage+ZZExtension.swift */,
				9704915C1E837D250032355B /* UIImageView+ZZExtension.swift */,
				9704915D1E837D250032355B /* UILabel+ZZExtension.swift */,
				9704915E1E837D250032355B /* UISceen+ZZExtension.swift */,
				9704915F1E837D250032355B /* UIScrollView+ZZExtension.swift */,
				970491601E837D250032355B /* UITextField+ZZExtension.swift */,
				970491611E837D250032355B /* UIView+ZZExtension.swift */,
				97CAA4971E960EDC00FAFC9E /* UIFont+ZZExtension.swift */,
			);
			path = ZZUIExtension;
			sourceTree = "<group>";
		};
/* End PBXGroup section */

/* Begin PBXNativeTarget section */
		970491001E837ADE0032355B /* ZZLibDemo */ = {
			isa = PBXNativeTarget;
			buildConfigurationList = 970491131E837ADE0032355B /* Build configuration list for PBXNativeTarget "ZZLibDemo" */;
			buildPhases = (
				970490FD1E837ADE0032355B /* Sources */,
				970490FE1E837ADE0032355B /* Frameworks */,
				970490FF1E837ADE0032355B /* Resources */,
			);
			buildRules = (
			);
			dependencies = (
			);
			name = ZZLibDemo;
			productName = ZZLibDemo;
			productReference = 970491011E837ADE0032355B /* ZZLibDemo.app */;
			productType = "com.apple.product-type.application";
		};
/* End PBXNativeTarget section */

/* Begin PBXProject section */
		970490F91E837ADE0032355B /* Project object */ = {
			isa = PBXProject;
			attributes = {
				LastSwiftUpdateCheck = 0800;
				LastUpgradeCheck = 0800;
				ORGANIZATIONNAME = lixiangzhou;
				TargetAttributes = {
					970491001E837ADE0032355B = {
						CreatedOnToolsVersion = 8.0;
						DevelopmentTeam = N33WL6ABHF;
						LastSwiftMigration = 0800;
						ProvisioningStyle = Automatic;
					};
				};
			};
			buildConfigurationList = 970490FC1E837ADE0032355B /* Build configuration list for PBXProject "ZZLibDemo" */;
			compatibilityVersion = "Xcode 3.2";
			developmentRegion = English;
			hasScannedForEncodings = 0;
			knownRegions = (
				en,
				Base,
			);
			mainGroup = 970490F81E837ADE0032355B;
			productRefGroup = 970491021E837ADE0032355B /* Products */;
			projectDirPath = "";
			projectRoot = "";
			targets = (
				970491001E837ADE0032355B /* ZZLibDemo */,
			);
		};
/* End PBXProject section */

/* Begin PBXResourcesBuildPhase section */
		970490FF1E837ADE0032355B /* Resources */ = {
			isa = PBXResourcesBuildPhase;
			buildActionMask = 2147483647;
			files = (
				9704910F1E837ADE0032355B /* LaunchScreen.storyboard in Resources */,
				9704910C1E837ADE0032355B /* Assets.xcassets in Resources */,
				9704910A1E837ADE0032355B /* Main.storyboard in Resources */,
			);
			runOnlyForDeploymentPostprocessing = 0;
		};
/* End PBXResourcesBuildPhase section */

/* Begin PBXSourcesBuildPhase section */
		970490FD1E837ADE0032355B /* Sources */ = {
			isa = PBXSourcesBuildPhase;
			buildActionMask = 2147483647;
			files = (
				970491771E837D250032355B /* UIView+ZZExtension.swift in Sources */,
				970491671E837D250032355B /* DateFormatter+ZZExtension.swift in Sources */,
				9704916C1E837D250032355B /* UIAlertController+ZZExtension.swift in Sources */,
				970491731E837D250032355B /* UILabel+ZZExtension.swift in Sources */,
				97CAA4981E960EDC00FAFC9E /* UIFont+ZZExtension.swift in Sources */,
				970491071E837ADE0032355B /* ViewController.swift in Sources */,
				970491621E837D250032355B /* ZZButton.swift in Sources */,
				970491051E837ADE0032355B /* AppDelegate.swift in Sources */,
				970491681E837D250032355B /* DispatchQueue+ZZExtension.swift in Sources */,
				97CAA4961E951DEB00FAFC9E /* ZZProgressHud.swift in Sources */,
				970491651E837D250032355B /* Data+ZZExtension.swift in Sources */,
				9704916B1E837D250032355B /* String+ZZExtension.swift in Sources */,
				9704916E1E837D250032355B /* UIButton+ZZExtension.swift in Sources */,
				970491641E837D250032355B /* CGRect+ZZExtension.swift in Sources */,
				970491741E837D250032355B /* UISceen+ZZExtension.swift in Sources */,
				970491701E837D250032355B /* UIDevice+ZZExtension.swift in Sources */,
				9704916A1E837D250032355B /* NSObject+ZZExtension.swift in Sources */,
				970491631E837D250032355B /* Calendar+ZZExtension.swift in Sources */,
				970491661E837D250032355B /* Date+ZZExtension.swift in Sources */,
				9704916F1E837D250032355B /* UIColor+ZZExtension.swift in Sources */,
				970491761E837D250032355B /* UITextField+ZZExtension.swift in Sources */,
				970491751E837D250032355B /* UIScrollView+ZZExtension.swift in Sources */,
				970491711E837D250032355B /* UIImage+ZZExtension.swift in Sources */,
				970491721E837D250032355B /* UIImageView+ZZExtension.swift in Sources */,
				9704916D1E837D250032355B /* UIApplication+ZZExtension.swift in Sources */,
				970491691E837D250032355B /* Locale+ZZExtension.swift in Sources */,
			);
			runOnlyForDeploymentPostprocessing = 0;
		};
/* End PBXSourcesBuildPhase section */

/* Begin PBXVariantGroup section */
		970491081E837ADE0032355B /* Main.storyboard */ = {
			isa = PBXVariantGroup;
			children = (
				970491091E837ADE0032355B /* Base */,
			);
			name = Main.storyboard;
			sourceTree = "<group>";
		};
		9704910D1E837ADE0032355B /* LaunchScreen.storyboard */ = {
			isa = PBXVariantGroup;
			children = (
				9704910E1E837ADE0032355B /* Base */,
			);
			name = LaunchScreen.storyboard;
			sourceTree = "<group>";
		};
/* End PBXVariantGroup section */

/* Begin XCBuildConfiguration section */
		970491111E837ADE0032355B /* Debug */ = {
			isa = XCBuildConfiguration;
			buildSettings = {
				ALWAYS_SEARCH_USER_PATHS = NO;
				CLANG_ANALYZER_NONNULL = YES;
				CLANG_CXX_LANGUAGE_STANDARD = "gnu++0x";
				CLANG_CXX_LIBRARY = "libc++";
				CLANG_ENABLE_MODULES = YES;
				CLANG_ENABLE_OBJC_ARC = YES;
				CLANG_WARN_BOOL_CONVERSION = YES;
				CLANG_WARN_CONSTANT_CONVERSION = YES;
				CLANG_WARN_DIRECT_OBJC_ISA_USAGE = YES_ERROR;
				CLANG_WARN_DOCUMENTATION_COMMENTS = YES;
				CLANG_WARN_EMPTY_BODY = YES;
				CLANG_WARN_ENUM_CONVERSION = YES;
				CLANG_WARN_INFINITE_RECURSION = YES;
				CLANG_WARN_INT_CONVERSION = YES;
				CLANG_WARN_OBJC_ROOT_CLASS = YES_ERROR;
				CLANG_WARN_SUSPICIOUS_MOVES = YES;
				CLANG_WARN_UNREACHABLE_CODE = YES;
				CLANG_WARN__DUPLICATE_METHOD_MATCH = YES;
				"CODE_SIGN_IDENTITY[sdk=iphoneos*]" = "iPhone Developer";
				COPY_PHASE_STRIP = NO;
				DEBUG_INFORMATION_FORMAT = dwarf;
				ENABLE_STRICT_OBJC_MSGSEND = YES;
				ENABLE_TESTABILITY = YES;
				GCC_C_LANGUAGE_STANDARD = gnu99;
				GCC_DYNAMIC_NO_PIC = NO;
				GCC_NO_COMMON_BLOCKS = YES;
				GCC_OPTIMIZATION_LEVEL = 0;
				GCC_PREPROCESSOR_DEFINITIONS = (
					"DEBUG=1",
					"$(inherited)",
				);
				GCC_WARN_64_TO_32_BIT_CONVERSION = YES;
				GCC_WARN_ABOUT_RETURN_TYPE = YES_ERROR;
				GCC_WARN_UNDECLARED_SELECTOR = YES;
				GCC_WARN_UNINITIALIZED_AUTOS = YES_AGGRESSIVE;
				GCC_WARN_UNUSED_FUNCTION = YES;
				GCC_WARN_UNUSED_VARIABLE = YES;
				IPHONEOS_DEPLOYMENT_TARGET = 10.0;
				MTL_ENABLE_DEBUG_INFO = YES;
				ONLY_ACTIVE_ARCH = YES;
				SDKROOT = iphoneos;
				SWIFT_ACTIVE_COMPILATION_CONDITIONS = DEBUG;
				SWIFT_OPTIMIZATION_LEVEL = "-Onone";
				TARGETED_DEVICE_FAMILY = "1,2";
			};
			name = Debug;
		};
		970491121E837ADE0032355B /* Release */ = {
			isa = XCBuildConfiguration;
			buildSettings = {
				ALWAYS_SEARCH_USER_PATHS = NO;
				CLANG_ANALYZER_NONNULL = YES;
				CLANG_CXX_LANGUAGE_STANDARD = "gnu++0x";
				CLANG_CXX_LIBRARY = "libc++";
				CLANG_ENABLE_MODULES = YES;
				CLANG_ENABLE_OBJC_ARC = YES;
				CLANG_WARN_BOOL_CONVERSION = YES;
				CLANG_WARN_CONSTANT_CONVERSION = YES;
				CLANG_WARN_DIRECT_OBJC_ISA_USAGE = YES_ERROR;
				CLANG_WARN_DOCUMENTATION_COMMENTS = YES;
				CLANG_WARN_EMPTY_BODY = YES;
				CLANG_WARN_ENUM_CONVERSION = YES;
				CLANG_WARN_INFINITE_RECURSION = YES;
				CLANG_WARN_INT_CONVERSION = YES;
				CLANG_WARN_OBJC_ROOT_CLASS = YES_ERROR;
				CLANG_WARN_SUSPICIOUS_MOVES = YES;
				CLANG_WARN_UNREACHABLE_CODE = YES;
				CLANG_WARN__DUPLICATE_METHOD_MATCH = YES;
				"CODE_SIGN_IDENTITY[sdk=iphoneos*]" = "iPhone Developer";
				COPY_PHASE_STRIP = NO;
				DEBUG_INFORMATION_FORMAT = "dwarf-with-dsym";
				ENABLE_NS_ASSERTIONS = NO;
				ENABLE_STRICT_OBJC_MSGSEND = YES;
				GCC_C_LANGUAGE_STANDARD = gnu99;
				GCC_NO_COMMON_BLOCKS = YES;
				GCC_WARN_64_TO_32_BIT_CONVERSION = YES;
				GCC_WARN_ABOUT_RETURN_TYPE = YES_ERROR;
				GCC_WARN_UNDECLARED_SELECTOR = YES;
				GCC_WARN_UNINITIALIZED_AUTOS = YES_AGGRESSIVE;
				GCC_WARN_UNUSED_FUNCTION = YES;
				GCC_WARN_UNUSED_VARIABLE = YES;
				IPHONEOS_DEPLOYMENT_TARGET = 10.0;
				MTL_ENABLE_DEBUG_INFO = NO;
				SDKROOT = iphoneos;
				SWIFT_OPTIMIZATION_LEVEL = "-Owholemodule";
				TARGETED_DEVICE_FAMILY = "1,2";
				VALIDATE_PRODUCT = YES;
			};
			name = Release;
		};
		970491141E837ADE0032355B /* Debug */ = {
			isa = XCBuildConfiguration;
			buildSettings = {
				ASSETCATALOG_COMPILER_APPICON_NAME = AppIcon;
				CLANG_ENABLE_MODULES = YES;
				DEVELOPMENT_TEAM = N33WL6ABHF;
				INFOPLIST_FILE = ZZLibDemo/Info.plist;
				LD_RUNPATH_SEARCH_PATHS = "$(inherited) @executable_path/Frameworks";
				PRODUCT_BUNDLE_IDENTIFIER = com.zz.ZZLibDemo;
				PRODUCT_NAME = "$(TARGET_NAME)";
				SWIFT_OPTIMIZATION_LEVEL = "-Onone";
				SWIFT_VERSION = 3.0;
			};
			name = Debug;
		};
		970491151E837ADE0032355B /* Release */ = {
			isa = XCBuildConfiguration;
			buildSettings = {
				ASSETCATALOG_COMPILER_APPICON_NAME = AppIcon;
				CLANG_ENABLE_MODULES = YES;
				DEVELOPMENT_TEAM = N33WL6ABHF;
				INFOPLIST_FILE = ZZLibDemo/Info.plist;
				LD_RUNPATH_SEARCH_PATHS = "$(inherited) @executable_path/Frameworks";
				PRODUCT_BUNDLE_IDENTIFIER = com.zz.ZZLibDemo;
				PRODUCT_NAME = "$(TARGET_NAME)";
				SWIFT_VERSION = 3.0;
			};
			name = Release;
		};
/* End XCBuildConfiguration section */

/* Begin XCConfigurationList section */
		970490FC1E837ADE0032355B /* Build configuration list for PBXProject "ZZLibDemo" */ = {
			isa = XCConfigurationList;
			buildConfigurations = (
				970491111E837ADE0032355B /* Debug */,
				970491121E837ADE0032355B /* Release */,
			);
			defaultConfigurationIsVisible = 0;
			defaultConfigurationName = Release;
		};
		970491131E837ADE0032355B /* Build configuration list for PBXNativeTarget "ZZLibDemo" */ = {
			isa = XCConfigurationList;
			buildConfigurations = (
				970491141E837ADE0032355B /* Debug */,
				970491151E837ADE0032355B /* Release */,
			);
			defaultConfigurationIsVisible = 0;
			defaultConfigurationName = Release;
		};
/* End XCConfigurationList section */
	};
	rootObject = 970490F91E837ADE0032355B /* Project object */;
}
