// !$*UTF8*$!
{
	archiveVersion = 1;
	classes = {
	};
	objectVersion = 46;
	objects = {

/* Begin PBXBuildFile section */
		8D414F7720034CC600E43CC5 /* ZZCycleView.swift in Sources */ = {isa = PBXBuildFile; fileRef = 8D414F7620034CC600E43CC5 /* ZZCycleView.swift */; };
		8D55F62320DC9B960027E8CB /* Timer+ZZExtension.swift in Sources */ = {isa = PBXBuildFile; fileRef = 8D55F62220DC9B960027E8CB /* Timer+ZZExtension.swift */; };
		971006211EA06FC100DE3A34 /* ZZCollection.swift in Sources */ = {isa = PBXBuildFile; fileRef = 971006201EA06FC100DE3A34 /* ZZCollection.swift */; };
		9736E4811E90153D0050B8EA /* AppDelegate.swift in Sources */ = {isa = PBXBuildFile; fileRef = 9736E4801E90153D0050B8EA /* AppDelegate.swift */; };
		9736E4831E90153D0050B8EA /* ViewController.swift in Sources */ = {isa = PBXBuildFile; fileRef = 9736E4821E90153D0050B8EA /* ViewController.swift */; };
		9736E4861E90153D0050B8EA /* Main.storyboard in Resources */ = {isa = PBXBuildFile; fileRef = 9736E4841E90153D0050B8EA /* Main.storyboard */; };
		9736E4881E90153D0050B8EA /* Assets.xcassets in Resources */ = {isa = PBXBuildFile; fileRef = 9736E4871E90153D0050B8EA /* Assets.xcassets */; };
		9736E48B1E90153D0050B8EA /* LaunchScreen.storyboard in Resources */ = {isa = PBXBuildFile; fileRef = 9736E4891E90153D0050B8EA /* LaunchScreen.storyboard */; };
		973F0F2D1F5E891800BE861F /* ZZHud.swift in Sources */ = {isa = PBXBuildFile; fileRef = 973F0F2C1F5E891800BE861F /* ZZHud.swift */; };
		9760302520C4F72E0063DBBB /* UIViewController+ZZExtension.swift in Sources */ = {isa = PBXBuildFile; fileRef = 9760302420C4F72E0063DBBB /* UIViewController+ZZExtension.swift */; };
		97CAA4BD1E96315900FAFC9E /* ZZButton.swift in Sources */ = {isa = PBXBuildFile; fileRef = 97CAA49F1E96315900FAFC9E /* ZZButton.swift */; };
		97CAA4BE1E96315900FAFC9E /* ZZCircleProgressView.swift in Sources */ = {isa = PBXBuildFile; fileRef = 97CAA4A01E96315900FAFC9E /* ZZCircleProgressView.swift */; };
		97CAA4C01E96315900FAFC9E /* Calendar+ZZExtension.swift in Sources */ = {isa = PBXBuildFile; fileRef = 97CAA4A41E96315900FAFC9E /* Calendar+ZZExtension.swift */; };
		97CAA4C11E96315900FAFC9E /* CGRect+ZZExtension.swift in Sources */ = {isa = PBXBuildFile; fileRef = 97CAA4A51E96315900FAFC9E /* CGRect+ZZExtension.swift */; };
		97CAA4C21E96315900FAFC9E /* Data+ZZExtension.swift in Sources */ = {isa = PBXBuildFile; fileRef = 97CAA4A61E96315900FAFC9E /* Data+ZZExtension.swift */; };
		97CAA4C31E96315900FAFC9E /* Date+ZZExtension.swift in Sources */ = {isa = PBXBuildFile; fileRef = 97CAA4A71E96315900FAFC9E /* Date+ZZExtension.swift */; };
		97CAA4C41E96315900FAFC9E /* DateFormatter+ZZExtension.swift in Sources */ = {isa = PBXBuildFile; fileRef = 97CAA4A81E96315900FAFC9E /* DateFormatter+ZZExtension.swift */; };
		97CAA4C51E96315900FAFC9E /* DispatchQueue+ZZExtension.swift in Sources */ = {isa = PBXBuildFile; fileRef = 97CAA4A91E96315900FAFC9E /* DispatchQueue+ZZExtension.swift */; };
		97CAA4C61E96315900FAFC9E /* Locale+ZZExtension.swift in Sources */ = {isa = PBXBuildFile; fileRef = 97CAA4AA1E96315900FAFC9E /* Locale+ZZExtension.swift */; };
		97CAA4C71E96315900FAFC9E /* NSObject+ZZExtension.swift in Sources */ = {isa = PBXBuildFile; fileRef = 97CAA4AB1E96315900FAFC9E /* NSObject+ZZExtension.swift */; };
		97CAA4C81E96315900FAFC9E /* String+ZZExtension.swift in Sources */ = {isa = PBXBuildFile; fileRef = 97CAA4AC1E96315900FAFC9E /* String+ZZExtension.swift */; };
		97CAA4C91E96315900FAFC9E /* UIAlertController+ZZExtension.swift in Sources */ = {isa = PBXBuildFile; fileRef = 97CAA4AE1E96315900FAFC9E /* UIAlertController+ZZExtension.swift */; };
		97CAA4CA1E96315900FAFC9E /* UIApplication+ZZExtension.swift in Sources */ = {isa = PBXBuildFile; fileRef = 97CAA4AF1E96315900FAFC9E /* UIApplication+ZZExtension.swift */; };
		97CAA4CB1E96315900FAFC9E /* UIButton+ZZExtension.swift in Sources */ = {isa = PBXBuildFile; fileRef = 97CAA4B01E96315900FAFC9E /* UIButton+ZZExtension.swift */; };
		97CAA4CC1E96315900FAFC9E /* UIColor+ZZExtension.swift in Sources */ = {isa = PBXBuildFile; fileRef = 97CAA4B11E96315900FAFC9E /* UIColor+ZZExtension.swift */; };
		97CAA4CD1E96315900FAFC9E /* UIDevice+ZZExtension.swift in Sources */ = {isa = PBXBuildFile; fileRef = 97CAA4B21E96315900FAFC9E /* UIDevice+ZZExtension.swift */; };
		97CAA4CE1E96315900FAFC9E /* UIFont+ZZExtension.swift in Sources */ = {isa = PBXBuildFile; fileRef = 97CAA4B31E96315900FAFC9E /* UIFont+ZZExtension.swift */; };
		97CAA4CF1E96315900FAFC9E /* UIImage+ZZExtension.swift in Sources */ = {isa = PBXBuildFile; fileRef = 97CAA4B41E96315900FAFC9E /* UIImage+ZZExtension.swift */; };
		97CAA4D01E96315900FAFC9E /* UIImageView+ZZExtension.swift in Sources */ = {isa = PBXBuildFile; fileRef = 97CAA4B51E96315900FAFC9E /* UIImageView+ZZExtension.swift */; };
		97CAA4D11E96315900FAFC9E /* UILabel+ZZExtension.swift in Sources */ = {isa = PBXBuildFile; fileRef = 97CAA4B61E96315900FAFC9E /* UILabel+ZZExtension.swift */; };
		97CAA4D21E96315900FAFC9E /* UISceen+ZZExtension.swift in Sources */ = {isa = PBXBuildFile; fileRef = 97CAA4B71E96315900FAFC9E /* UISceen+ZZExtension.swift */; };
		97CAA4D31E96315900FAFC9E /* UIScrollView+ZZExtension.swift in Sources */ = {isa = PBXBuildFile; fileRef = 97CAA4B81E96315900FAFC9E /* UIScrollView+ZZExtension.swift */; };
		97CAA4D41E96315900FAFC9E /* UITableView+ZZExtension.swift in Sources */ = {isa = PBXBuildFile; fileRef = 97CAA4B91E96315900FAFC9E /* UITableView+ZZExtension.swift */; };
		97CAA4D51E96315900FAFC9E /* UITextField+ZZExtension.swift in Sources */ = {isa = PBXBuildFile; fileRef = 97CAA4BA1E96315900FAFC9E /* UITextField+ZZExtension.swift */; };
		97CAA4D61E96315900FAFC9E /* UIView+ZZExtension.swift in Sources */ = {isa = PBXBuildFile; fileRef = 97CAA4BB1E96315900FAFC9E /* UIView+ZZExtension.swift */; };
		97CAA4D71E96315900FAFC9E /* ZZLib.swift in Sources */ = {isa = PBXBuildFile; fileRef = 97CAA4BC1E96315900FAFC9E /* ZZLib.swift */; };
		97E16FD71F877833007EF36E /* ZZAudioTool.swift in Sources */ = {isa = PBXBuildFile; fileRef = 97E16FD61F877833007EF36E /* ZZAudioTool.swift */; };
		97E16FDC1F878577007EF36E /* buyao.wav in Resources */ = {isa = PBXBuildFile; fileRef = 97E16FD91F87839A007EF36E /* buyao.wav */; };
		97E322531E9AFAE30043D8E9 /* UIScrollView+ZZRefresh.swift in Sources */ = {isa = PBXBuildFile; fileRef = 97E3224E1E9AFAE30043D8E9 /* UIScrollView+ZZRefresh.swift */; };
		97E322541E9AFAE30043D8E9 /* ZZRefresh.swift in Sources */ = {isa = PBXBuildFile; fileRef = 97E3224F1E9AFAE30043D8E9 /* ZZRefresh.swift */; };
		97E322551E9AFAE30043D8E9 /* ZZRefreshFooter.swift in Sources */ = {isa = PBXBuildFile; fileRef = 97E322501E9AFAE30043D8E9 /* ZZRefreshFooter.swift */; };
		97E322561E9AFAE30043D8E9 /* ZZRefreshHeader.swift in Sources */ = {isa = PBXBuildFile; fileRef = 97E322511E9AFAE30043D8E9 /* ZZRefreshHeader.swift */; };
		97E322571E9AFAE30043D8E9 /* ZZRefreshView.swift in Sources */ = {isa = PBXBuildFile; fileRef = 97E322521E9AFAE30043D8E9 /* ZZRefreshView.swift */; };
		97E6F0A420DA07AC0085F27B /* ZZNumberTextField.swift in Sources */ = {isa = PBXBuildFile; fileRef = 97E6F0A320DA07AC0085F27B /* ZZNumberTextField.swift */; };
		97F7194A1F39B47D0094BFE5 /* NSNumber+ZZExtension.swift in Sources */ = {isa = PBXBuildFile; fileRef = 97F719491F39B47D0094BFE5 /* NSNumber+ZZExtension.swift */; };
/* End PBXBuildFile section */

/* Begin PBXFileReference section */
		8D414F7620034CC600E43CC5 /* ZZCycleView.swift */ = {isa = PBXFileReference; lastKnownFileType = sourcecode.swift; path = ZZCycleView.swift; sourceTree = "<group>"; };
		8D55F62220DC9B960027E8CB /* Timer+ZZExtension.swift */ = {isa = PBXFileReference; lastKnownFileType = sourcecode.swift; path = "Timer+ZZExtension.swift"; sourceTree = "<group>"; };
		971006201EA06FC100DE3A34 /* ZZCollection.swift */ = {isa = PBXFileReference; fileEncoding = 4; lastKnownFileType = sourcecode.swift; path = ZZCollection.swift; sourceTree = "<group>"; };
		9736E47D1E90153D0050B8EA /* ZZLib.app */ = {isa = PBXFileReference; explicitFileType = wrapper.application; includeInIndex = 0; path = ZZLib.app; sourceTree = BUILT_PRODUCTS_DIR; };
		9736E4801E90153D0050B8EA /* AppDelegate.swift */ = {isa = PBXFileReference; lastKnownFileType = sourcecode.swift; path = AppDelegate.swift; sourceTree = "<group>"; };
		9736E4821E90153D0050B8EA /* ViewController.swift */ = {isa = PBXFileReference; lastKnownFileType = sourcecode.swift; path = ViewController.swift; sourceTree = "<group>"; };
		9736E4851E90153D0050B8EA /* Base */ = {isa = PBXFileReference; lastKnownFileType = file.storyboard; name = Base; path = Base.lproj/Main.storyboard; sourceTree = "<group>"; };
		9736E4871E90153D0050B8EA /* Assets.xcassets */ = {isa = PBXFileReference; lastKnownFileType = folder.assetcatalog; path = Assets.xcassets; sourceTree = "<group>"; };
		9736E48A1E90153D0050B8EA /* Base */ = {isa = PBXFileReference; lastKnownFileType = file.storyboard; name = Base; path = Base.lproj/LaunchScreen.storyboard; sourceTree = "<group>"; };
		9736E48C1E90153D0050B8EA /* Info.plist */ = {isa = PBXFileReference; lastKnownFileType = text.plist.xml; path = Info.plist; sourceTree = "<group>"; };
		973F0F2C1F5E891800BE861F /* ZZHud.swift */ = {isa = PBXFileReference; fileEncoding = 4; lastKnownFileType = sourcecode.swift; path = ZZHud.swift; sourceTree = "<group>"; };
		9760302420C4F72E0063DBBB /* UIViewController+ZZExtension.swift */ = {isa = PBXFileReference; fileEncoding = 4; lastKnownFileType = sourcecode.swift; path = "UIViewController+ZZExtension.swift"; sourceTree = "<group>"; };
		97CAA49F1E96315900FAFC9E /* ZZButton.swift */ = {isa = PBXFileReference; fileEncoding = 4; lastKnownFileType = sourcecode.swift; path = ZZButton.swift; sourceTree = "<group>"; };
		97CAA4A01E96315900FAFC9E /* ZZCircleProgressView.swift */ = {isa = PBXFileReference; fileEncoding = 4; lastKnownFileType = sourcecode.swift; path = ZZCircleProgressView.swift; sourceTree = "<group>"; };
		97CAA4A41E96315900FAFC9E /* Calendar+ZZExtension.swift */ = {isa = PBXFileReference; fileEncoding = 4; lastKnownFileType = sourcecode.swift; path = "Calendar+ZZExtension.swift"; sourceTree = "<group>"; };
		97CAA4A51E96315900FAFC9E /* CGRect+ZZExtension.swift */ = {isa = PBXFileReference; fileEncoding = 4; lastKnownFileType = sourcecode.swift; path = "CGRect+ZZExtension.swift"; sourceTree = "<group>"; };
		97CAA4A61E96315900FAFC9E /* Data+ZZExtension.swift */ = {isa = PBXFileReference; fileEncoding = 4; lastKnownFileType = sourcecode.swift; path = "Data+ZZExtension.swift"; sourceTree = "<group>"; };
		97CAA4A71E96315900FAFC9E /* Date+ZZExtension.swift */ = {isa = PBXFileReference; fileEncoding = 4; lastKnownFileType = sourcecode.swift; path = "Date+ZZExtension.swift"; sourceTree = "<group>"; };
		97CAA4A81E96315900FAFC9E /* DateFormatter+ZZExtension.swift */ = {isa = PBXFileReference; fileEncoding = 4; lastKnownFileType = sourcecode.swift; path = "DateFormatter+ZZExtension.swift"; sourceTree = "<group>"; };
		97CAA4A91E96315900FAFC9E /* DispatchQueue+ZZExtension.swift */ = {isa = PBXFileReference; fileEncoding = 4; lastKnownFileType = sourcecode.swift; path = "DispatchQueue+ZZExtension.swift"; sourceTree = "<group>"; };
		97CAA4AA1E96315900FAFC9E /* Locale+ZZExtension.swift */ = {isa = PBXFileReference; fileEncoding = 4; lastKnownFileType = sourcecode.swift; path = "Locale+ZZExtension.swift"; sourceTree = "<group>"; };
		97CAA4AB1E96315900FAFC9E /* NSObject+ZZExtension.swift */ = {isa = PBXFileReference; fileEncoding = 4; lastKnownFileType = sourcecode.swift; path = "NSObject+ZZExtension.swift"; sourceTree = "<group>"; };
		97CAA4AC1E96315900FAFC9E /* String+ZZExtension.swift */ = {isa = PBXFileReference; fileEncoding = 4; lastKnownFileType = sourcecode.swift; path = "String+ZZExtension.swift"; sourceTree = "<group>"; };
		97CAA4AE1E96315900FAFC9E /* UIAlertController+ZZExtension.swift */ = {isa = PBXFileReference; fileEncoding = 4; lastKnownFileType = sourcecode.swift; path = "UIAlertController+ZZExtension.swift"; sourceTree = "<group>"; };
		97CAA4AF1E96315900FAFC9E /* UIApplication+ZZExtension.swift */ = {isa = PBXFileReference; fileEncoding = 4; lastKnownFileType = sourcecode.swift; path = "UIApplication+ZZExtension.swift"; sourceTree = "<group>"; };
		97CAA4B01E96315900FAFC9E /* UIButton+ZZExtension.swift */ = {isa = PBXFileReference; fileEncoding = 4; lastKnownFileType = sourcecode.swift; path = "UIButton+ZZExtension.swift"; sourceTree = "<group>"; };
		97CAA4B11E96315900FAFC9E /* UIColor+ZZExtension.swift */ = {isa = PBXFileReference; fileEncoding = 4; lastKnownFileType = sourcecode.swift; path = "UIColor+ZZExtension.swift"; sourceTree = "<group>"; };
		97CAA4B21E96315900FAFC9E /* UIDevice+ZZExtension.swift */ = {isa = PBXFileReference; fileEncoding = 4; lastKnownFileType = sourcecode.swift; path = "UIDevice+ZZExtension.swift"; sourceTree = "<group>"; };
		97CAA4B31E96315900FAFC9E /* UIFont+ZZExtension.swift */ = {isa = PBXFileReference; fileEncoding = 4; lastKnownFileType = sourcecode.swift; path = "UIFont+ZZExtension.swift"; sourceTree = "<group>"; };
		97CAA4B41E96315900FAFC9E /* UIImage+ZZExtension.swift */ = {isa = PBXFileReference; fileEncoding = 4; lastKnownFileType = sourcecode.swift; path = "UIImage+ZZExtension.swift"; sourceTree = "<group>"; };
		97CAA4B51E96315900FAFC9E /* UIImageView+ZZExtension.swift */ = {isa = PBXFileReference; fileEncoding = 4; lastKnownFileType = sourcecode.swift; path = "UIImageView+ZZExtension.swift"; sourceTree = "<group>"; };
		97CAA4B61E96315900FAFC9E /* UILabel+ZZExtension.swift */ = {isa = PBXFileReference; fileEncoding = 4; lastKnownFileType = sourcecode.swift; path = "UILabel+ZZExtension.swift"; sourceTree = "<group>"; };
		97CAA4B71E96315900FAFC9E /* UISceen+ZZExtension.swift */ = {isa = PBXFileReference; fileEncoding = 4; lastKnownFileType = sourcecode.swift; path = "UISceen+ZZExtension.swift"; sourceTree = "<group>"; };
		97CAA4B81E96315900FAFC9E /* UIScrollView+ZZExtension.swift */ = {isa = PBXFileReference; fileEncoding = 4; lastKnownFileType = sourcecode.swift; path = "UIScrollView+ZZExtension.swift"; sourceTree = "<group>"; };
		97CAA4B91E96315900FAFC9E /* UITableView+ZZExtension.swift */ = {isa = PBXFileReference; fileEncoding = 4; lastKnownFileType = sourcecode.swift; path = "UITableView+ZZExtension.swift"; sourceTree = "<group>"; };
		97CAA4BA1E96315900FAFC9E /* UITextField+ZZExtension.swift */ = {isa = PBXFileReference; fileEncoding = 4; lastKnownFileType = sourcecode.swift; path = "UITextField+ZZExtension.swift"; sourceTree = "<group>"; };
		97CAA4BB1E96315900FAFC9E /* UIView+ZZExtension.swift */ = {isa = PBXFileReference; fileEncoding = 4; lastKnownFileType = sourcecode.swift; path = "UIView+ZZExtension.swift"; sourceTree = "<group>"; };
		97CAA4BC1E96315900FAFC9E /* ZZLib.swift */ = {isa = PBXFileReference; fileEncoding = 4; lastKnownFileType = sourcecode.swift; path = ZZLib.swift; sourceTree = "<group>"; };
		97E16FD61F877833007EF36E /* ZZAudioTool.swift */ = {isa = PBXFileReference; lastKnownFileType = sourcecode.swift; path = ZZAudioTool.swift; sourceTree = "<group>"; };
		97E16FD91F87839A007EF36E /* buyao.wav */ = {isa = PBXFileReference; lastKnownFileType = audio.wav; path = buyao.wav; sourceTree = "<group>"; };
		97E3224E1E9AFAE30043D8E9 /* UIScrollView+ZZRefresh.swift */ = {isa = PBXFileReference; fileEncoding = 4; lastKnownFileType = sourcecode.swift; path = "UIScrollView+ZZRefresh.swift"; sourceTree = "<group>"; };
		97E3224F1E9AFAE30043D8E9 /* ZZRefresh.swift */ = {isa = PBXFileReference; fileEncoding = 4; lastKnownFileType = sourcecode.swift; path = ZZRefresh.swift; sourceTree = "<group>"; };
		97E322501E9AFAE30043D8E9 /* ZZRefreshFooter.swift */ = {isa = PBXFileReference; fileEncoding = 4; lastKnownFileType = sourcecode.swift; path = ZZRefreshFooter.swift; sourceTree = "<group>"; };
		97E322511E9AFAE30043D8E9 /* ZZRefreshHeader.swift */ = {isa = PBXFileReference; fileEncoding = 4; lastKnownFileType = sourcecode.swift; path = ZZRefreshHeader.swift; sourceTree = "<group>"; };
		97E322521E9AFAE30043D8E9 /* ZZRefreshView.swift */ = {isa = PBXFileReference; fileEncoding = 4; lastKnownFileType = sourcecode.swift; path = ZZRefreshView.swift; sourceTree = "<group>"; };
		97E6F0A320DA07AC0085F27B /* ZZNumberTextField.swift */ = {isa = PBXFileReference; lastKnownFileType = sourcecode.swift; path = ZZNumberTextField.swift; sourceTree = "<group>"; };
		97F719491F39B47D0094BFE5 /* NSNumber+ZZExtension.swift */ = {isa = PBXFileReference; fileEncoding = 4; lastKnownFileType = sourcecode.swift; path = "NSNumber+ZZExtension.swift"; sourceTree = "<group>"; };
/* End PBXFileReference section */

/* Begin PBXFrameworksBuildPhase section */
		9736E47A1E90153D0050B8EA /* Frameworks */ = {
			isa = PBXFrameworksBuildPhase;
			buildActionMask = 2147483647;
			files = (
			);
			runOnlyForDeploymentPostprocessing = 0;
		};
/* End PBXFrameworksBuildPhase section */

/* Begin PBXGroup section */
		9736E4741E90153D0050B8EA = {
			isa = PBXGroup;
			children = (
				9736E47F1E90153D0050B8EA /* ZZLib */,
				9736E47E1E90153D0050B8EA /* Products */,
			);
			sourceTree = "<group>";
		};
		9736E47E1E90153D0050B8EA /* Products */ = {
			isa = PBXGroup;
			children = (
				9736E47D1E90153D0050B8EA /* ZZLib.app */,
			);
			name = Products;
			sourceTree = "<group>";
		};
		9736E47F1E90153D0050B8EA /* ZZLib */ = {
			isa = PBXGroup;
			children = (
				97CAA49D1E96315900FAFC9E /* Source */,
				9736E4801E90153D0050B8EA /* AppDelegate.swift */,
				9736E4821E90153D0050B8EA /* ViewController.swift */,
				9736E4841E90153D0050B8EA /* Main.storyboard */,
				9736E4871E90153D0050B8EA /* Assets.xcassets */,
				9736E4891E90153D0050B8EA /* LaunchScreen.storyboard */,
				9736E48C1E90153D0050B8EA /* Info.plist */,
				97E16FD91F87839A007EF36E /* buyao.wav */,
			);
			path = ZZLib;
			sourceTree = "<group>";
		};
		97CAA49D1E96315900FAFC9E /* Source */ = {
			isa = PBXGroup;
			children = (
				97CAA49E1E96315900FAFC9E /* ZZCustom */,
				97CAA4A21E96315900FAFC9E /* ZZExtension */,
				97CAA4BC1E96315900FAFC9E /* ZZLib.swift */,
				971006201EA06FC100DE3A34 /* ZZCollection.swift */,
			);
			name = Source;
			path = ../../Source;
			sourceTree = "<group>";
		};
		97CAA49E1E96315900FAFC9E /* ZZCustom */ = {
			isa = PBXGroup;
			children = (
				97E3224D1E9AFAE30043D8E9 /* ZZRefresh */,
				97CAA49F1E96315900FAFC9E /* ZZButton.swift */,
				97CAA4A01E96315900FAFC9E /* ZZCircleProgressView.swift */,
				973F0F2C1F5E891800BE861F /* ZZHud.swift */,
				97E16FD61F877833007EF36E /* ZZAudioTool.swift */,
				8D414F7620034CC600E43CC5 /* ZZCycleView.swift */,
				97E6F0A320DA07AC0085F27B /* ZZNumberTextField.swift */,
			);
			path = ZZCustom;
			sourceTree = "<group>";
		};
		97CAA4A21E96315900FAFC9E /* ZZExtension */ = {
			isa = PBXGroup;
			children = (
				97CAA4A31E96315900FAFC9E /* ZZNSExtension */,
				97CAA4AD1E96315900FAFC9E /* ZZUIExtension */,
			);
			path = ZZExtension;
			sourceTree = "<group>";
		};
		97CAA4A31E96315900FAFC9E /* ZZNSExtension */ = {
			isa = PBXGroup;
			children = (
				97CAA4A41E96315900FAFC9E /* Calendar+ZZExtension.swift */,
				97CAA4A51E96315900FAFC9E /* CGRect+ZZExtension.swift */,
				97CAA4A61E96315900FAFC9E /* Data+ZZExtension.swift */,
				97CAA4A71E96315900FAFC9E /* Date+ZZExtension.swift */,
				97CAA4A81E96315900FAFC9E /* DateFormatter+ZZExtension.swift */,
				97CAA4A91E96315900FAFC9E /* DispatchQueue+ZZExtension.swift */,
				97CAA4AA1E96315900FAFC9E /* Locale+ZZExtension.swift */,
				97CAA4AB1E96315900FAFC9E /* NSObject+ZZExtension.swift */,
				97CAA4AC1E96315900FAFC9E /* String+ZZExtension.swift */,
				97F719491F39B47D0094BFE5 /* NSNumber+ZZExtension.swift */,
				8D55F62220DC9B960027E8CB /* Timer+ZZExtension.swift */,
			);
			path = ZZNSExtension;
			sourceTree = "<group>";
		};
		97CAA4AD1E96315900FAFC9E /* ZZUIExtension */ = {
			isa = PBXGroup;
			children = (
				9760302420C4F72E0063DBBB /* UIViewController+ZZExtension.swift */,
				97CAA4AE1E96315900FAFC9E /* UIAlertController+ZZExtension.swift */,
				97CAA4AF1E96315900FAFC9E /* UIApplication+ZZExtension.swift */,
				97CAA4B01E96315900FAFC9E /* UIButton+ZZExtension.swift */,
				97CAA4B11E96315900FAFC9E /* UIColor+ZZExtension.swift */,
				97CAA4B21E96315900FAFC9E /* UIDevice+ZZExtension.swift */,
				97CAA4B31E96315900FAFC9E /* UIFont+ZZExtension.swift */,
				97CAA4B41E96315900FAFC9E /* UIImage+ZZExtension.swift */,
				97CAA4B51E96315900FAFC9E /* UIImageView+ZZExtension.swift */,
				97CAA4B61E96315900FAFC9E /* UILabel+ZZExtension.swift */,
				97CAA4B71E96315900FAFC9E /* UISceen+ZZExtension.swift */,
				97CAA4B81E96315900FAFC9E /* UIScrollView+ZZExtension.swift */,
				97CAA4B91E96315900FAFC9E /* UITableView+ZZExtension.swift */,
				97CAA4BA1E96315900FAFC9E /* UITextField+ZZExtension.swift */,
				97CAA4BB1E96315900FAFC9E /* UIView+ZZExtension.swift */,
			);
			path = ZZUIExtension;
			sourceTree = "<group>";
		};
		97E3224D1E9AFAE30043D8E9 /* ZZRefresh */ = {
			isa = PBXGroup;
			children = (
				97E3224E1E9AFAE30043D8E9 /* UIScrollView+ZZRefresh.swift */,
				97E3224F1E9AFAE30043D8E9 /* ZZRefresh.swift */,
				97E322501E9AFAE30043D8E9 /* ZZRefreshFooter.swift */,
				97E322511E9AFAE30043D8E9 /* ZZRefreshHeader.swift */,
				97E322521E9AFAE30043D8E9 /* ZZRefreshView.swift */,
			);
			path = ZZRefresh;
			sourceTree = "<group>";
		};
/* End PBXGroup section */

/* Begin PBXNativeTarget section */
		9736E47C1E90153D0050B8EA /* ZZLib */ = {
			isa = PBXNativeTarget;
			buildConfigurationList = 9736E48F1E90153D0050B8EA /* Build configuration list for PBXNativeTarget "ZZLib" */;
			buildPhases = (
				9736E4791E90153D0050B8EA /* Sources */,
				9736E47A1E90153D0050B8EA /* Frameworks */,
				9736E47B1E90153D0050B8EA /* Resources */,
			);
			buildRules = (
			);
			dependencies = (
			);
			name = ZZLib;
			productName = ZZLib;
			productReference = 9736E47D1E90153D0050B8EA /* ZZLib.app */;
			productType = "com.apple.product-type.application";
		};
/* End PBXNativeTarget section */

/* Begin PBXProject section */
		9736E4751E90153D0050B8EA /* Project object */ = {
			isa = PBXProject;
			attributes = {
				LastSwiftUpdateCheck = 0800;
				LastUpgradeCheck = 0930;
				ORGANIZATIONNAME = lixiangzhou;
				TargetAttributes = {
					9736E47C1E90153D0050B8EA = {
						CreatedOnToolsVersion = 8.3;
						DevelopmentTeam = Z9M2NMJFP5;
						LastSwiftMigration = 0900;
						ProvisioningStyle = Automatic;
					};
				};
			};
			buildConfigurationList = 9736E4781E90153D0050B8EA /* Build configuration list for PBXProject "ZZLib" */;
			compatibilityVersion = "Xcode 3.2";
			developmentRegion = English;
			hasScannedForEncodings = 0;
			knownRegions = (
				en,
				Base,
			);
			mainGroup = 9736E4741E90153D0050B8EA;
			productRefGroup = 9736E47E1E90153D0050B8EA /* Products */;
			projectDirPath = "";
			projectRoot = "";
			targets = (
				9736E47C1E90153D0050B8EA /* ZZLib */,
			);
		};
/* End PBXProject section */

/* Begin PBXResourcesBuildPhase section */
		9736E47B1E90153D0050B8EA /* Resources */ = {
			isa = PBXResourcesBuildPhase;
			buildActionMask = 2147483647;
			files = (
				97E16FDC1F878577007EF36E /* buyao.wav in Resources */,
				9736E48B1E90153D0050B8EA /* LaunchScreen.storyboard in Resources */,
				9736E4881E90153D0050B8EA /* Assets.xcassets in Resources */,
				9736E4861E90153D0050B8EA /* Main.storyboard in Resources */,
			);
			runOnlyForDeploymentPostprocessing = 0;
		};
/* End PBXResourcesBuildPhase section */

/* Begin PBXSourcesBuildPhase section */
		9736E4791E90153D0050B8EA /* Sources */ = {
			isa = PBXSourcesBuildPhase;
			buildActionMask = 2147483647;
			files = (
				97E16FD71F877833007EF36E /* ZZAudioTool.swift in Sources */,
				9736E4831E90153D0050B8EA /* ViewController.swift in Sources */,
				97CAA4D41E96315900FAFC9E /* UITableView+ZZExtension.swift in Sources */,
				97E322551E9AFAE30043D8E9 /* ZZRefreshFooter.swift in Sources */,
				97CAA4CC1E96315900FAFC9E /* UIColor+ZZExtension.swift in Sources */,
				973F0F2D1F5E891800BE861F /* ZZHud.swift in Sources */,
				97E322531E9AFAE30043D8E9 /* UIScrollView+ZZRefresh.swift in Sources */,
				97CAA4BD1E96315900FAFC9E /* ZZButton.swift in Sources */,
				97CAA4CF1E96315900FAFC9E /* UIImage+ZZExtension.swift in Sources */,
				97CAA4D01E96315900FAFC9E /* UIImageView+ZZExtension.swift in Sources */,
				9736E4811E90153D0050B8EA /* AppDelegate.swift in Sources */,
				97CAA4CE1E96315900FAFC9E /* UIFont+ZZExtension.swift in Sources */,
				97CAA4C91E96315900FAFC9E /* UIAlertController+ZZExtension.swift in Sources */,
				8D55F62320DC9B960027E8CB /* Timer+ZZExtension.swift in Sources */,
				97F7194A1F39B47D0094BFE5 /* NSNumber+ZZExtension.swift in Sources */,
				97CAA4C51E96315900FAFC9E /* DispatchQueue+ZZExtension.swift in Sources */,
				97CAA4D11E96315900FAFC9E /* UILabel+ZZExtension.swift in Sources */,
				97E322561E9AFAE30043D8E9 /* ZZRefreshHeader.swift in Sources */,
				97CAA4C01E96315900FAFC9E /* Calendar+ZZExtension.swift in Sources */,
				97CAA4C11E96315900FAFC9E /* CGRect+ZZExtension.swift in Sources */,
				97CAA4D31E96315900FAFC9E /* UIScrollView+ZZExtension.swift in Sources */,
				97CAA4CD1E96315900FAFC9E /* UIDevice+ZZExtension.swift in Sources */,
				97CAA4D51E96315900FAFC9E /* UITextField+ZZExtension.swift in Sources */,
				97E6F0A420DA07AC0085F27B /* ZZNumberTextField.swift in Sources */,
				97CAA4CA1E96315900FAFC9E /* UIApplication+ZZExtension.swift in Sources */,
				97CAA4C61E96315900FAFC9E /* Locale+ZZExtension.swift in Sources */,
				97CAA4C81E96315900FAFC9E /* String+ZZExtension.swift in Sources */,
				97CAA4CB1E96315900FAFC9E /* UIButton+ZZExtension.swift in Sources */,
				97CAA4C31E96315900FAFC9E /* Date+ZZExtension.swift in Sources */,
				8D414F7720034CC600E43CC5 /* ZZCycleView.swift in Sources */,
				97CAA4BE1E96315900FAFC9E /* ZZCircleProgressView.swift in Sources */,
				97E322571E9AFAE30043D8E9 /* ZZRefreshView.swift in Sources */,
				9760302520C4F72E0063DBBB /* UIViewController+ZZExtension.swift in Sources */,
				97CAA4D71E96315900FAFC9E /* ZZLib.swift in Sources */,
				97CAA4D21E96315900FAFC9E /* UISceen+ZZExtension.swift in Sources */,
				97CAA4D61E96315900FAFC9E /* UIView+ZZExtension.swift in Sources */,
				971006211EA06FC100DE3A34 /* ZZCollection.swift in Sources */,
				97CAA4C41E96315900FAFC9E /* DateFormatter+ZZExtension.swift in Sources */,
				97CAA4C21E96315900FAFC9E /* Data+ZZExtension.swift in Sources */,
				97E322541E9AFAE30043D8E9 /* ZZRefresh.swift in Sources */,
				97CAA4C71E96315900FAFC9E /* NSObject+ZZExtension.swift in Sources */,
			);
			runOnlyForDeploymentPostprocessing = 0;
		};
/* End PBXSourcesBuildPhase section */

/* Begin PBXVariantGroup section */
		9736E4841E90153D0050B8EA /* Main.storyboard */ = {
			isa = PBXVariantGroup;
			children = (
				9736E4851E90153D0050B8EA /* Base */,
			);
			name = Main.storyboard;
			sourceTree = "<group>";
		};
		9736E4891E90153D0050B8EA /* LaunchScreen.storyboard */ = {
			isa = PBXVariantGroup;
			children = (
				9736E48A1E90153D0050B8EA /* Base */,
			);
			name = LaunchScreen.storyboard;
			sourceTree = "<group>";
		};
/* End PBXVariantGroup section */

/* Begin XCBuildConfiguration section */
		9736E48D1E90153D0050B8EA /* Debug */ = {
			isa = XCBuildConfiguration;
			buildSettings = {
				ALWAYS_SEARCH_USER_PATHS = NO;
				CLANG_ANALYZER_NONNULL = YES;
				CLANG_ANALYZER_NUMBER_OBJECT_CONVERSION = YES_AGGRESSIVE;
				CLANG_CXX_LANGUAGE_STANDARD = "gnu++0x";
				CLANG_CXX_LIBRARY = "libc++";
				CLANG_ENABLE_MODULES = YES;
				CLANG_ENABLE_OBJC_ARC = YES;
				CLANG_WARN_BLOCK_CAPTURE_AUTORELEASING = YES;
				CLANG_WARN_BOOL_CONVERSION = YES;
				CLANG_WARN_COMMA = YES;
				CLANG_WARN_CONSTANT_CONVERSION = YES;
				CLANG_WARN_DEPRECATED_OBJC_IMPLEMENTATIONS = YES;
				CLANG_WARN_DIRECT_OBJC_ISA_USAGE = YES_ERROR;
				CLANG_WARN_DOCUMENTATION_COMMENTS = YES;
				CLANG_WARN_EMPTY_BODY = YES;
				CLANG_WARN_ENUM_CONVERSION = YES;
				CLANG_WARN_INFINITE_RECURSION = YES;
				CLANG_WARN_INT_CONVERSION = YES;
				CLANG_WARN_NON_LITERAL_NULL_CONVERSION = YES;
				CLANG_WARN_OBJC_IMPLICIT_RETAIN_SELF = YES;
				CLANG_WARN_OBJC_LITERAL_CONVERSION = YES;
				CLANG_WARN_OBJC_ROOT_CLASS = YES_ERROR;
				CLANG_WARN_RANGE_LOOP_ANALYSIS = YES;
				CLANG_WARN_STRICT_PROTOTYPES = YES;
				CLANG_WARN_SUSPICIOUS_MOVE = YES;
				CLANG_WARN_UNREACHABLE_CODE = YES;
				CLANG_WARN__DUPLICATE_METHOD_MATCH = YES;
				"CODE_SIGN_IDENTITY[sdk=iphoneos*]" = "iPhone Developer";
				COPY_PHASE_STRIP = NO;
				DEBUG_INFORMATION_FORMAT = dwarf;
				ENABLE_STRICT_OBJC_MSGSEND = YES;
				ENABLE_TESTABILITY = YES;
				GCC_C_LANGUAGE_STANDARD = gnu99;
				GCC_DYNAMIC_NO_PIC = NO;
				GCC_NO_COMMON_BLOCKS = YES;
				GCC_OPTIMIZATION_LEVEL = 0;
				GCC_PREPROCESSOR_DEFINITIONS = (
					"DEBUG=1",
					"$(inherited)",
				);
				GCC_WARN_64_TO_32_BIT_CONVERSION = YES;
				GCC_WARN_ABOUT_RETURN_TYPE = YES_ERROR;
				GCC_WARN_UNDECLARED_SELECTOR = YES;
				GCC_WARN_UNINITIALIZED_AUTOS = YES_AGGRESSIVE;
				GCC_WARN_UNUSED_FUNCTION = YES;
				GCC_WARN_UNUSED_VARIABLE = YES;
				IPHONEOS_DEPLOYMENT_TARGET = 10.0;
				MTL_ENABLE_DEBUG_INFO = YES;
				ONLY_ACTIVE_ARCH = YES;
				SDKROOT = iphoneos;
				SWIFT_ACTIVE_COMPILATION_CONDITIONS = DEBUG;
				SWIFT_OPTIMIZATION_LEVEL = "-Onone";
				TARGETED_DEVICE_FAMILY = "1,2";
			};
			name = Debug;
		};
		9736E48E1E90153D0050B8EA /* Release */ = {
			isa = XCBuildConfiguration;
			buildSettings = {
				ALWAYS_SEARCH_USER_PATHS = NO;
				CLANG_ANALYZER_NONNULL = YES;
				CLANG_ANALYZER_NUMBER_OBJECT_CONVERSION = YES_AGGRESSIVE;
				CLANG_CXX_LANGUAGE_STANDARD = "gnu++0x";
				CLANG_CXX_LIBRARY = "libc++";
				CLANG_ENABLE_MODULES = YES;
				CLANG_ENABLE_OBJC_ARC = YES;
				CLANG_WARN_BLOCK_CAPTURE_AUTORELEASING = YES;
				CLANG_WARN_BOOL_CONVERSION = YES;
				CLANG_WARN_COMMA = YES;
				CLANG_WARN_CONSTANT_CONVERSION = YES;
				CLANG_WARN_DEPRECATED_OBJC_IMPLEMENTATIONS = YES;
				CLANG_WARN_DIRECT_OBJC_ISA_USAGE = YES_ERROR;
				CLANG_WARN_DOCUMENTATION_COMMENTS = YES;
				CLANG_WARN_EMPTY_BODY = YES;
				CLANG_WARN_ENUM_CONVERSION = YES;
				CLANG_WARN_INFINITE_RECURSION = YES;
				CLANG_WARN_INT_CONVERSION = YES;
				CLANG_WARN_NON_LITERAL_NULL_CONVERSION = YES;
				CLANG_WARN_OBJC_IMPLICIT_RETAIN_SELF = YES;
				CLANG_WARN_OBJC_LITERAL_CONVERSION = YES;
				CLANG_WARN_OBJC_ROOT_CLASS = YES_ERROR;
				CLANG_WARN_RANGE_LOOP_ANALYSIS = YES;
				CLANG_WARN_STRICT_PROTOTYPES = YES;
				CLANG_WARN_SUSPICIOUS_MOVE = YES;
				CLANG_WARN_UNREACHABLE_CODE = YES;
				CLANG_WARN__DUPLICATE_METHOD_MATCH = YES;
				"CODE_SIGN_IDENTITY[sdk=iphoneos*]" = "iPhone Developer";
				COPY_PHASE_STRIP = NO;
				DEBUG_INFORMATION_FORMAT = "dwarf-with-dsym";
				ENABLE_NS_ASSERTIONS = NO;
				ENABLE_STRICT_OBJC_MSGSEND = YES;
				GCC_C_LANGUAGE_STANDARD = gnu99;
				GCC_NO_COMMON_BLOCKS = YES;
				GCC_WARN_64_TO_32_BIT_CONVERSION = YES;
				GCC_WARN_ABOUT_RETURN_TYPE = YES_ERROR;
				GCC_WARN_UNDECLARED_SELECTOR = YES;
				GCC_WARN_UNINITIALIZED_AUTOS = YES_AGGRESSIVE;
				GCC_WARN_UNUSED_FUNCTION = YES;
				GCC_WARN_UNUSED_VARIABLE = YES;
				IPHONEOS_DEPLOYMENT_TARGET = 10.0;
				MTL_ENABLE_DEBUG_INFO = NO;
				SDKROOT = iphoneos;
				SWIFT_OPTIMIZATION_LEVEL = "-Owholemodule";
				TARGETED_DEVICE_FAMILY = "1,2";
				VALIDATE_PRODUCT = YES;
			};
			name = Release;
		};
		9736E4901E90153D0050B8EA /* Debug */ = {
			isa = XCBuildConfiguration;
			buildSettings = {
				ASSETCATALOG_COMPILER_APPICON_NAME = AppIcon;
				DEVELOPMENT_TEAM = Z9M2NMJFP5;
				INFOPLIST_FILE = ZZLib/Info.plist;
				IPHONEOS_DEPLOYMENT_TARGET = 11.0;
				LD_RUNPATH_SEARCH_PATHS = "$(inherited) @executable_path/Frameworks";
				PRODUCT_BUNDLE_IDENTIFIER = com.zz.ZZLib;
				PRODUCT_NAME = "$(TARGET_NAME)";
				SWIFT_SWIFT3_OBJC_INFERENCE = Off;
				SWIFT_VERSION = 4.0;
			};
			name = Debug;
		};
		9736E4911E90153D0050B8EA /* Release */ = {
			isa = XCBuildConfiguration;
			buildSettings = {
				ASSETCATALOG_COMPILER_APPICON_NAME = AppIcon;
				DEVELOPMENT_TEAM = Z9M2NMJFP5;
				INFOPLIST_FILE = ZZLib/Info.plist;
				IPHONEOS_DEPLOYMENT_TARGET = 11.0;
				LD_RUNPATH_SEARCH_PATHS = "$(inherited) @executable_path/Frameworks";
				PRODUCT_BUNDLE_IDENTIFIER = com.zz.ZZLib;
				PRODUCT_NAME = "$(TARGET_NAME)";
				SWIFT_SWIFT3_OBJC_INFERENCE = Off;
				SWIFT_VERSION = 4.0;
			};
			name = Release;
		};
/* End XCBuildConfiguration section */

/* Begin XCConfigurationList section */
		9736E4781E90153D0050B8EA /* Build configuration list for PBXProject "ZZLib" */ = {
			isa = XCConfigurationList;
			buildConfigurations = (
				9736E48D1E90153D0050B8EA /* Debug */,
				9736E48E1E90153D0050B8EA /* Release */,
			);
			defaultConfigurationIsVisible = 0;
			defaultConfigurationName = Release;
		};
		9736E48F1E90153D0050B8EA /* Build configuration list for PBXNativeTarget "ZZLib" */ = {
			isa = XCConfigurationList;
			buildConfigurations = (
				9736E4901E90153D0050B8EA /* Debug */,
				9736E4911E90153D0050B8EA /* Release */,
			);
			defaultConfigurationIsVisible = 0;
			defaultConfigurationName = Release;
		};
/* End XCConfigurationList section */
	};
	rootObject = 9736E4751E90153D0050B8EA /* Project object */;
}
